// !$*UTF8*$!
{
	archiveVersion = 1;
	classes = {
	};
	objectVersion = 55;
	objects = {

/* Begin PBXBuildFile section */
		381B7B81290EECCC00F8EF06 /* OAuthTokenResponseBody.swift in Sources */ = {isa = PBXBuildFile; fileRef = 381B7B80290EECCC00F8EF06 /* OAuthTokenResponseBody.swift */; };
		381B7B84290EEF9000F8EF06 /* NetworkClient.swift in Sources */ = {isa = PBXBuildFile; fileRef = 381B7B83290EEF9000F8EF06 /* NetworkClient.swift */; };
		381B7B86290EF02A00F8EF06 /* OAuth2Service.swift in Sources */ = {isa = PBXBuildFile; fileRef = 381B7B85290EF02A00F8EF06 /* OAuth2Service.swift */; };
		3837F3DE290E9B5E0069F905 /* OAuthCodeViewControllerDelegate.swift in Sources */ = {isa = PBXBuildFile; fileRef = 3837F3DD290E9B5E0069F905 /* OAuthCodeViewControllerDelegate.swift */; };
		3891790D290D251F00B7C7B0 /* Constant.swift in Sources */ = {isa = PBXBuildFile; fileRef = 3891790C290D251F00B7C7B0 /* Constant.swift */; };
		3891790F290D25B500B7C7B0 /* URL+Extensions.swift in Sources */ = {isa = PBXBuildFile; fileRef = 3891790E290D25B500B7C7B0 /* URL+Extensions.swift */; };
		38917911290D25CC00B7C7B0 /* String+Extensions.swift in Sources */ = {isa = PBXBuildFile; fileRef = 38917910290D25CC00B7C7B0 /* String+Extensions.swift */; };
		38917914290D577100B7C7B0 /* AuthViewController.swift in Sources */ = {isa = PBXBuildFile; fileRef = 38917913290D577100B7C7B0 /* AuthViewController.swift */; };
		38917916290D579900B7C7B0 /* OAuthCodeViewController.swift in Sources */ = {isa = PBXBuildFile; fileRef = 38917915290D579900B7C7B0 /* OAuthCodeViewController.swift */; };
		389FE83E28DCCDE800560E49 /* AppDelegate.swift in Sources */ = {isa = PBXBuildFile; fileRef = 389FE83D28DCCDE800560E49 /* AppDelegate.swift */; };
		389FE84028DCCDE800560E49 /* SceneDelegate.swift in Sources */ = {isa = PBXBuildFile; fileRef = 389FE83F28DCCDE800560E49 /* SceneDelegate.swift */; };
		389FE84228DCCDE800560E49 /* ImagesListViewController.swift in Sources */ = {isa = PBXBuildFile; fileRef = 389FE84128DCCDE800560E49 /* ImagesListViewController.swift */; };
		389FE84728DCCDE900560E49 /* Assets.xcassets in Resources */ = {isa = PBXBuildFile; fileRef = 389FE84628DCCDE900560E49 /* Assets.xcassets */; };
		389FE84A28DCCDE900560E49 /* LaunchScreen.storyboard in Resources */ = {isa = PBXBuildFile; fileRef = 389FE84828DCCDE900560E49 /* LaunchScreen.storyboard */; };
		38B9CAA1290434E9009EBD63 /* ProfileViewController.swift in Sources */ = {isa = PBXBuildFile; fileRef = 38B9CAA0290434E9009EBD63 /* ProfileViewController.swift */; };
		38B9CAA5290437ED009EBD63 /* ColorAsset.swift in Sources */ = {isa = PBXBuildFile; fileRef = 38B9CAA4290437ED009EBD63 /* ColorAsset.swift */; };
		38B9CAA729043906009EBD63 /* FontAsset.swift in Sources */ = {isa = PBXBuildFile; fileRef = 38B9CAA629043906009EBD63 /* FontAsset.swift */; };
		38B9CAA929043956009EBD63 /* UIFont+Extensions.swift in Sources */ = {isa = PBXBuildFile; fileRef = 38B9CAA829043956009EBD63 /* UIFont+Extensions.swift */; };
		38B9CAAB29043C42009EBD63 /* YSDisplay-Regular.ttf in Resources */ = {isa = PBXBuildFile; fileRef = 38B9CAAA29043C42009EBD63 /* YSDisplay-Regular.ttf */; };
		38B9CAAE29043FEA009EBD63 /* ImageAsset.swift in Sources */ = {isa = PBXBuildFile; fileRef = 38B9CAAD29043FEA009EBD63 /* ImageAsset.swift */; };
		38B9CAB029044097009EBD63 /* UIImage+Extensions.swift in Sources */ = {isa = PBXBuildFile; fileRef = 38B9CAAF29044097009EBD63 /* UIImage+Extensions.swift */; };
		38B9CAB62904655D009EBD63 /* TabBarController.swift in Sources */ = {isa = PBXBuildFile; fileRef = 38B9CAB52904655D009EBD63 /* TabBarController.swift */; };
		38B9CAB829047420009EBD63 /* SingleImageViewController.swift in Sources */ = {isa = PBXBuildFile; fileRef = 38B9CAB729047420009EBD63 /* SingleImageViewController.swift */; };
		38C8E1B828F19B780078FD78 /* UIColor+Extensions.swift in Sources */ = {isa = PBXBuildFile; fileRef = 38C8E1B728F19B780078FD78 /* UIColor+Extensions.swift */; };
		38C8E1BA28F1A0A80078FD78 /* ImagesListCell.swift in Sources */ = {isa = PBXBuildFile; fileRef = 38C8E1B928F1A0A80078FD78 /* ImagesListCell.swift */; };
		38C8E1BC28F1D5020078FD78 /* ImageViewModel.swift in Sources */ = {isa = PBXBuildFile; fileRef = 38C8E1BB28F1D5020078FD78 /* ImageViewModel.swift */; };
		38C8E1BE28F1E6960078FD78 /* GradientView.swift in Sources */ = {isa = PBXBuildFile; fileRef = 38C8E1BD28F1E6960078FD78 /* GradientView.swift */; };
		38C8E1C228F1F0850078FD78 /* YSDisplay-Bold.ttf in Resources */ = {isa = PBXBuildFile; fileRef = 38C8E1C028F1F0850078FD78 /* YSDisplay-Bold.ttf */; };
		38C8E1C728F1F8040078FD78 /* YSDisplay-Medium.ttf in Resources */ = {isa = PBXBuildFile; fileRef = 38C8E1C628F1F8040078FD78 /* YSDisplay-Medium.ttf */; };
		38C8E1C928F1FA800078FD78 /* Picture.swift in Sources */ = {isa = PBXBuildFile; fileRef = 38C8E1C828F1FA800078FD78 /* Picture.swift */; };
/* End PBXBuildFile section */

/* Begin PBXFileReference section */
		381B7B80290EECCC00F8EF06 /* OAuthTokenResponseBody.swift */ = {isa = PBXFileReference; lastKnownFileType = sourcecode.swift; path = OAuthTokenResponseBody.swift; sourceTree = "<group>"; };
		381B7B83290EEF9000F8EF06 /* NetworkClient.swift */ = {isa = PBXFileReference; lastKnownFileType = sourcecode.swift; path = NetworkClient.swift; sourceTree = "<group>"; };
		381B7B85290EF02A00F8EF06 /* OAuth2Service.swift */ = {isa = PBXFileReference; lastKnownFileType = sourcecode.swift; path = OAuth2Service.swift; sourceTree = "<group>"; };
		3837F3DD290E9B5E0069F905 /* OAuthCodeViewControllerDelegate.swift */ = {isa = PBXFileReference; lastKnownFileType = sourcecode.swift; path = OAuthCodeViewControllerDelegate.swift; sourceTree = "<group>"; };
		3891790C290D251F00B7C7B0 /* Constant.swift */ = {isa = PBXFileReference; lastKnownFileType = sourcecode.swift; path = Constant.swift; sourceTree = "<group>"; };
		3891790E290D25B500B7C7B0 /* URL+Extensions.swift */ = {isa = PBXFileReference; lastKnownFileType = sourcecode.swift; path = "URL+Extensions.swift"; sourceTree = "<group>"; };
		38917910290D25CC00B7C7B0 /* String+Extensions.swift */ = {isa = PBXFileReference; lastKnownFileType = sourcecode.swift; path = "String+Extensions.swift"; sourceTree = "<group>"; };
		38917913290D577100B7C7B0 /* AuthViewController.swift */ = {isa = PBXFileReference; lastKnownFileType = sourcecode.swift; path = AuthViewController.swift; sourceTree = "<group>"; };
		38917915290D579900B7C7B0 /* OAuthCodeViewController.swift */ = {isa = PBXFileReference; lastKnownFileType = sourcecode.swift; path = OAuthCodeViewController.swift; sourceTree = "<group>"; };
		389FE83A28DCCDE800560E49 /* ImageFeed.app */ = {isa = PBXFileReference; explicitFileType = wrapper.application; includeInIndex = 0; path = ImageFeed.app; sourceTree = BUILT_PRODUCTS_DIR; };
		389FE83D28DCCDE800560E49 /* AppDelegate.swift */ = {isa = PBXFileReference; lastKnownFileType = sourcecode.swift; path = AppDelegate.swift; sourceTree = "<group>"; };
		389FE83F28DCCDE800560E49 /* SceneDelegate.swift */ = {isa = PBXFileReference; lastKnownFileType = sourcecode.swift; path = SceneDelegate.swift; sourceTree = "<group>"; };
		389FE84128DCCDE800560E49 /* ImagesListViewController.swift */ = {isa = PBXFileReference; lastKnownFileType = sourcecode.swift; path = ImagesListViewController.swift; sourceTree = "<group>"; };
		389FE84628DCCDE900560E49 /* Assets.xcassets */ = {isa = PBXFileReference; lastKnownFileType = folder.assetcatalog; path = Assets.xcassets; sourceTree = "<group>"; };
		389FE84928DCCDE900560E49 /* Base */ = {isa = PBXFileReference; lastKnownFileType = file.storyboard; name = Base; path = Base.lproj/LaunchScreen.storyboard; sourceTree = "<group>"; };
		389FE84B28DCCDE900560E49 /* Info.plist */ = {isa = PBXFileReference; lastKnownFileType = text.plist.xml; path = Info.plist; sourceTree = "<group>"; };
		389FE85128DCD17500560E49 /* README.md */ = {isa = PBXFileReference; lastKnownFileType = net.daringfireball.markdown; path = README.md; sourceTree = "<group>"; };
		38B9CAA0290434E9009EBD63 /* ProfileViewController.swift */ = {isa = PBXFileReference; lastKnownFileType = sourcecode.swift; path = ProfileViewController.swift; sourceTree = "<group>"; };
		38B9CAA4290437ED009EBD63 /* ColorAsset.swift */ = {isa = PBXFileReference; lastKnownFileType = sourcecode.swift; path = ColorAsset.swift; sourceTree = "<group>"; };
		38B9CAA629043906009EBD63 /* FontAsset.swift */ = {isa = PBXFileReference; lastKnownFileType = sourcecode.swift; path = FontAsset.swift; sourceTree = "<group>"; };
		38B9CAA829043956009EBD63 /* UIFont+Extensions.swift */ = {isa = PBXFileReference; lastKnownFileType = sourcecode.swift; path = "UIFont+Extensions.swift"; sourceTree = "<group>"; };
		38B9CAAA29043C42009EBD63 /* YSDisplay-Regular.ttf */ = {isa = PBXFileReference; lastKnownFileType = file; path = "YSDisplay-Regular.ttf"; sourceTree = "<group>"; };
		38B9CAAD29043FEA009EBD63 /* ImageAsset.swift */ = {isa = PBXFileReference; lastKnownFileType = sourcecode.swift; path = ImageAsset.swift; sourceTree = "<group>"; };
		38B9CAAF29044097009EBD63 /* UIImage+Extensions.swift */ = {isa = PBXFileReference; lastKnownFileType = sourcecode.swift; path = "UIImage+Extensions.swift"; sourceTree = "<group>"; };
		38B9CAB52904655D009EBD63 /* TabBarController.swift */ = {isa = PBXFileReference; lastKnownFileType = sourcecode.swift; path = TabBarController.swift; sourceTree = "<group>"; };
		38B9CAB729047420009EBD63 /* SingleImageViewController.swift */ = {isa = PBXFileReference; lastKnownFileType = sourcecode.swift; path = SingleImageViewController.swift; sourceTree = "<group>"; };
		38C8E1B728F19B780078FD78 /* UIColor+Extensions.swift */ = {isa = PBXFileReference; lastKnownFileType = sourcecode.swift; path = "UIColor+Extensions.swift"; sourceTree = "<group>"; };
		38C8E1B928F1A0A80078FD78 /* ImagesListCell.swift */ = {isa = PBXFileReference; lastKnownFileType = sourcecode.swift; path = ImagesListCell.swift; sourceTree = "<group>"; };
		38C8E1BB28F1D5020078FD78 /* ImageViewModel.swift */ = {isa = PBXFileReference; lastKnownFileType = sourcecode.swift; path = ImageViewModel.swift; sourceTree = "<group>"; };
		38C8E1BD28F1E6960078FD78 /* GradientView.swift */ = {isa = PBXFileReference; lastKnownFileType = sourcecode.swift; path = GradientView.swift; sourceTree = "<group>"; };
		38C8E1C028F1F0850078FD78 /* YSDisplay-Bold.ttf */ = {isa = PBXFileReference; lastKnownFileType = file; path = "YSDisplay-Bold.ttf"; sourceTree = "<group>"; };
		38C8E1C628F1F8040078FD78 /* YSDisplay-Medium.ttf */ = {isa = PBXFileReference; lastKnownFileType = file; path = "YSDisplay-Medium.ttf"; sourceTree = "<group>"; };
		38C8E1C828F1FA800078FD78 /* Picture.swift */ = {isa = PBXFileReference; lastKnownFileType = sourcecode.swift; path = Picture.swift; sourceTree = "<group>"; };
/* End PBXFileReference section */

/* Begin PBXFrameworksBuildPhase section */
		389FE83728DCCDE800560E49 /* Frameworks */ = {
			isa = PBXFrameworksBuildPhase;
			buildActionMask = 2147483647;
			files = (
			);
			runOnlyForDeploymentPostprocessing = 0;
		};
/* End PBXFrameworksBuildPhase section */

/* Begin PBXGroup section */
		381B7B82290EEF7B00F8EF06 /* Services */ = {
			isa = PBXGroup;
			children = (
				381B7B83290EEF9000F8EF06 /* NetworkClient.swift */,
				381B7B85290EF02A00F8EF06 /* OAuth2Service.swift */,
			);
			path = Services;
			sourceTree = "<group>";
		};
		38917912290D575100B7C7B0 /* Login */ = {
			isa = PBXGroup;
			children = (
				38917913290D577100B7C7B0 /* AuthViewController.swift */,
				38917915290D579900B7C7B0 /* OAuthCodeViewController.swift */,
				3837F3DD290E9B5E0069F905 /* OAuthCodeViewControllerDelegate.swift */,
			);
			path = Login;
			sourceTree = "<group>";
		};
		389FE83128DCCDE800560E49 = {
			isa = PBXGroup;
			children = (
				389FE85128DCD17500560E49 /* README.md */,
				389FE83C28DCCDE800560E49 /* ImageFeed */,
				389FE83B28DCCDE800560E49 /* Products */,
			);
			sourceTree = "<group>";
		};
		389FE83B28DCCDE800560E49 /* Products */ = {
			isa = PBXGroup;
			children = (
				389FE83A28DCCDE800560E49 /* ImageFeed.app */,
			);
			name = Products;
			sourceTree = "<group>";
		};
		389FE83C28DCCDE800560E49 /* ImageFeed */ = {
			isa = PBXGroup;
			children = (
				381B7B82290EEF7B00F8EF06 /* Services */,
				38B9CAB429044A9A009EBD63 /* Models */,
				38B9CAB129044A72009EBD63 /* Scenes */,
				38C8E1BF28F1F04A0078FD78 /* Resources */,
				38C8E1B628F19B650078FD78 /* Helpers */,
				389FE83D28DCCDE800560E49 /* AppDelegate.swift */,
				389FE83F28DCCDE800560E49 /* SceneDelegate.swift */,
				38B9CAB52904655D009EBD63 /* TabBarController.swift */,
			);
			path = ImageFeed;
			sourceTree = "<group>";
		};
		38B9CAAC29043C46009EBD63 /* Fonts */ = {
			isa = PBXGroup;
			children = (
				38C8E1C028F1F0850078FD78 /* YSDisplay-Bold.ttf */,
				38C8E1C628F1F8040078FD78 /* YSDisplay-Medium.ttf */,
				38B9CAAA29043C42009EBD63 /* YSDisplay-Regular.ttf */,
			);
			path = Fonts;
			sourceTree = "<group>";
		};
		38B9CAB129044A72009EBD63 /* Scenes */ = {
			isa = PBXGroup;
			children = (
				38917912290D575100B7C7B0 /* Login */,
				38B9CAB329044A87009EBD63 /* Profile */,
				38B9CAB229044A78009EBD63 /* ImagesList */,
			);
			path = Scenes;
			sourceTree = "<group>";
		};
		38B9CAB229044A78009EBD63 /* ImagesList */ = {
			isa = PBXGroup;
			children = (
				38B9CABA2904857A009EBD63 /* SingleImageView */,
				38B9CAB92904855C009EBD63 /* ImageListCell */,
				389FE84128DCCDE800560E49 /* ImagesListViewController.swift */,
			);
			path = ImagesList;
			sourceTree = "<group>";
		};
		38B9CAB329044A87009EBD63 /* Profile */ = {
			isa = PBXGroup;
			children = (
				38B9CAA0290434E9009EBD63 /* ProfileViewController.swift */,
			);
			path = Profile;
			sourceTree = "<group>";
		};
		38B9CAB429044A9A009EBD63 /* Models */ = {
			isa = PBXGroup;
			children = (
				38C8E1C828F1FA800078FD78 /* Picture.swift */,
				381B7B80290EECCC00F8EF06 /* OAuthTokenResponseBody.swift */,
			);
			path = Models;
			sourceTree = "<group>";
		};
		38B9CAB92904855C009EBD63 /* ImageListCell */ = {
			isa = PBXGroup;
			children = (
				38C8E1B928F1A0A80078FD78 /* ImagesListCell.swift */,
				38C8E1BB28F1D5020078FD78 /* ImageViewModel.swift */,
				38C8E1BD28F1E6960078FD78 /* GradientView.swift */,
			);
			path = ImageListCell;
			sourceTree = "<group>";
		};
		38B9CABA2904857A009EBD63 /* SingleImageView */ = {
			isa = PBXGroup;
			children = (
				38B9CAB729047420009EBD63 /* SingleImageViewController.swift */,
			);
			path = SingleImageView;
			sourceTree = "<group>";
		};
		38C8E1B628F19B650078FD78 /* Helpers */ = {
			isa = PBXGroup;
			children = (
				38C8E1B728F19B780078FD78 /* UIColor+Extensions.swift */,
				38B9CAA829043956009EBD63 /* UIFont+Extensions.swift */,
				38B9CAAF29044097009EBD63 /* UIImage+Extensions.swift */,
				3891790E290D25B500B7C7B0 /* URL+Extensions.swift */,
				38917910290D25CC00B7C7B0 /* String+Extensions.swift */,
			);
			path = Helpers;
			sourceTree = "<group>";
		};
		38C8E1BF28F1F04A0078FD78 /* Resources */ = {
			isa = PBXGroup;
			children = (
				38B9CAAC29043C46009EBD63 /* Fonts */,
				389FE84628DCCDE900560E49 /* Assets.xcassets */,
				389FE84828DCCDE900560E49 /* LaunchScreen.storyboard */,
				389FE84B28DCCDE900560E49 /* Info.plist */,
				38B9CAA4290437ED009EBD63 /* ColorAsset.swift */,
				38B9CAA629043906009EBD63 /* FontAsset.swift */,
				38B9CAAD29043FEA009EBD63 /* ImageAsset.swift */,
				3891790C290D251F00B7C7B0 /* Constant.swift */,
			);
			path = Resources;
			sourceTree = "<group>";
		};
/* End PBXGroup section */

/* Begin PBXNativeTarget section */
		389FE83928DCCDE800560E49 /* ImageFeed */ = {
			isa = PBXNativeTarget;
			buildConfigurationList = 389FE84E28DCCDE900560E49 /* Build configuration list for PBXNativeTarget "ImageFeed" */;
			buildPhases = (
				389FE83628DCCDE800560E49 /* Sources */,
				389FE83728DCCDE800560E49 /* Frameworks */,
				389FE83828DCCDE800560E49 /* Resources */,
				380E973328FB11250090B24D /* SwiftLint */,
			);
			buildRules = (
			);
			dependencies = (
			);
			name = ImageFeed;
			productName = ImageFeed;
			productReference = 389FE83A28DCCDE800560E49 /* ImageFeed.app */;
			productType = "com.apple.product-type.application";
		};
/* End PBXNativeTarget section */

/* Begin PBXProject section */
		389FE83228DCCDE800560E49 /* Project object */ = {
			isa = PBXProject;
			attributes = {
				BuildIndependentTargetsInParallel = 1;
				LastSwiftUpdateCheck = 1400;
				LastUpgradeCheck = 1400;
				TargetAttributes = {
					389FE83928DCCDE800560E49 = {
						CreatedOnToolsVersion = 14.0;
					};
				};
			};
			buildConfigurationList = 389FE83528DCCDE800560E49 /* Build configuration list for PBXProject "ImageFeed" */;
			compatibilityVersion = "Xcode 13.0";
			developmentRegion = en;
			hasScannedForEncodings = 0;
			knownRegions = (
				en,
				Base,
			);
			mainGroup = 389FE83128DCCDE800560E49;
			productRefGroup = 389FE83B28DCCDE800560E49 /* Products */;
			projectDirPath = "";
			projectRoot = "";
			targets = (
				389FE83928DCCDE800560E49 /* ImageFeed */,
			);
		};
/* End PBXProject section */

/* Begin PBXResourcesBuildPhase section */
		389FE83828DCCDE800560E49 /* Resources */ = {
			isa = PBXResourcesBuildPhase;
			buildActionMask = 2147483647;
			files = (
				389FE84A28DCCDE900560E49 /* LaunchScreen.storyboard in Resources */,
				38C8E1C228F1F0850078FD78 /* YSDisplay-Bold.ttf in Resources */,
				38B9CAAB29043C42009EBD63 /* YSDisplay-Regular.ttf in Resources */,
				389FE84728DCCDE900560E49 /* Assets.xcassets in Resources */,
				38C8E1C728F1F8040078FD78 /* YSDisplay-Medium.ttf in Resources */,
			);
			runOnlyForDeploymentPostprocessing = 0;
		};
/* End PBXResourcesBuildPhase section */

/* Begin PBXShellScriptBuildPhase section */
		380E973328FB11250090B24D /* SwiftLint */ = {
			isa = PBXShellScriptBuildPhase;
			alwaysOutOfDate = 1;
			buildActionMask = 2147483647;
			files = (
			);
			inputFileListPaths = (
			);
			inputPaths = (
			);
			name = SwiftLint;
			outputFileListPaths = (
			);
			outputPaths = (
			);
			runOnlyForDeploymentPostprocessing = 0;
			shellPath = /bin/sh;
			shellScript = "if which swiftlint > /dev/null; then\n  swiftlint\nelse\n  echo \"warning: SwiftLint not installed, download from https://github.com/realm/SwiftLint\"\nfi\n";
		};
/* End PBXShellScriptBuildPhase section */

/* Begin PBXSourcesBuildPhase section */
		389FE83628DCCDE800560E49 /* Sources */ = {
			isa = PBXSourcesBuildPhase;
			buildActionMask = 2147483647;
			files = (
				38C8E1BC28F1D5020078FD78 /* ImageViewModel.swift in Sources */,
				3891790D290D251F00B7C7B0 /* Constant.swift in Sources */,
				389FE84228DCCDE800560E49 /* ImagesListViewController.swift in Sources */,
				381B7B86290EF02A00F8EF06 /* OAuth2Service.swift in Sources */,
				38B9CAB62904655D009EBD63 /* TabBarController.swift in Sources */,
				3837F3DE290E9B5E0069F905 /* OAuthCodeViewControllerDelegate.swift in Sources */,
				389FE83E28DCCDE800560E49 /* AppDelegate.swift in Sources */,
				38B9CAB029044097009EBD63 /* UIImage+Extensions.swift in Sources */,
				38B9CAA5290437ED009EBD63 /* ColorAsset.swift in Sources */,
				381B7B81290EECCC00F8EF06 /* OAuthTokenResponseBody.swift in Sources */,
				38917916290D579900B7C7B0 /* OAuthCodeViewController.swift in Sources */,
				38B9CAAE29043FEA009EBD63 /* ImageAsset.swift in Sources */,
				389FE84028DCCDE800560E49 /* SceneDelegate.swift in Sources */,
				38C8E1C928F1FA800078FD78 /* Picture.swift in Sources */,
				38C8E1BE28F1E6960078FD78 /* GradientView.swift in Sources */,
				38B9CAA1290434E9009EBD63 /* ProfileViewController.swift in Sources */,
				38917914290D577100B7C7B0 /* AuthViewController.swift in Sources */,
				38C8E1BA28F1A0A80078FD78 /* ImagesListCell.swift in Sources */,
				38917911290D25CC00B7C7B0 /* String+Extensions.swift in Sources */,
				3891790F290D25B500B7C7B0 /* URL+Extensions.swift in Sources */,
				38C8E1B828F19B780078FD78 /* UIColor+Extensions.swift in Sources */,
				38B9CAA929043956009EBD63 /* UIFont+Extensions.swift in Sources */,
				38B9CAB829047420009EBD63 /* SingleImageViewController.swift in Sources */,
				38B9CAA729043906009EBD63 /* FontAsset.swift in Sources */,
				381B7B84290EEF9000F8EF06 /* NetworkClient.swift in Sources */,
			);
			runOnlyForDeploymentPostprocessing = 0;
		};
/* End PBXSourcesBuildPhase section */

/* Begin PBXVariantGroup section */
		389FE84828DCCDE900560E49 /* LaunchScreen.storyboard */ = {
			isa = PBXVariantGroup;
			children = (
				389FE84928DCCDE900560E49 /* Base */,
			);
			name = LaunchScreen.storyboard;
			sourceTree = "<group>";
		};
/* End PBXVariantGroup section */

/* Begin XCBuildConfiguration section */
		389FE84C28DCCDE900560E49 /* Debug */ = {
			isa = XCBuildConfiguration;
			buildSettings = {
				ALWAYS_SEARCH_USER_PATHS = NO;
				CLANG_ANALYZER_NONNULL = YES;
				CLANG_ANALYZER_NUMBER_OBJECT_CONVERSION = YES_AGGRESSIVE;
				CLANG_CXX_LANGUAGE_STANDARD = "gnu++20";
				CLANG_ENABLE_MODULES = YES;
				CLANG_ENABLE_OBJC_ARC = YES;
				CLANG_ENABLE_OBJC_WEAK = YES;
				CLANG_WARN_BLOCK_CAPTURE_AUTORELEASING = YES;
				CLANG_WARN_BOOL_CONVERSION = YES;
				CLANG_WARN_COMMA = YES;
				CLANG_WARN_CONSTANT_CONVERSION = YES;
				CLANG_WARN_DEPRECATED_OBJC_IMPLEMENTATIONS = YES;
				CLANG_WARN_DIRECT_OBJC_ISA_USAGE = YES_ERROR;
				CLANG_WARN_DOCUMENTATION_COMMENTS = YES;
				CLANG_WARN_EMPTY_BODY = YES;
				CLANG_WARN_ENUM_CONVERSION = YES;
				CLANG_WARN_INFINITE_RECURSION = YES;
				CLANG_WARN_INT_CONVERSION = YES;
				CLANG_WARN_NON_LITERAL_NULL_CONVERSION = YES;
				CLANG_WARN_OBJC_IMPLICIT_RETAIN_SELF = YES;
				CLANG_WARN_OBJC_LITERAL_CONVERSION = YES;
				CLANG_WARN_OBJC_ROOT_CLASS = YES_ERROR;
				CLANG_WARN_QUOTED_INCLUDE_IN_FRAMEWORK_HEADER = YES;
				CLANG_WARN_RANGE_LOOP_ANALYSIS = YES;
				CLANG_WARN_STRICT_PROTOTYPES = YES;
				CLANG_WARN_SUSPICIOUS_MOVE = YES;
				CLANG_WARN_UNGUARDED_AVAILABILITY = YES_AGGRESSIVE;
				CLANG_WARN_UNREACHABLE_CODE = YES;
				CLANG_WARN__DUPLICATE_METHOD_MATCH = YES;
				COPY_PHASE_STRIP = NO;
				DEBUG_INFORMATION_FORMAT = dwarf;
				ENABLE_STRICT_OBJC_MSGSEND = YES;
				ENABLE_TESTABILITY = YES;
				GCC_C_LANGUAGE_STANDARD = gnu11;
				GCC_DYNAMIC_NO_PIC = NO;
				GCC_NO_COMMON_BLOCKS = YES;
				GCC_OPTIMIZATION_LEVEL = 0;
				GCC_PREPROCESSOR_DEFINITIONS = (
					"DEBUG=1",
					"$(inherited)",
				);
				GCC_WARN_64_TO_32_BIT_CONVERSION = YES;
				GCC_WARN_ABOUT_RETURN_TYPE = YES_ERROR;
				GCC_WARN_UNDECLARED_SELECTOR = YES;
				GCC_WARN_UNINITIALIZED_AUTOS = YES_AGGRESSIVE;
				GCC_WARN_UNUSED_FUNCTION = YES;
				GCC_WARN_UNUSED_VARIABLE = YES;
				IPHONEOS_DEPLOYMENT_TARGET = 13.0;
				MTL_ENABLE_DEBUG_INFO = INCLUDE_SOURCE;
				MTL_FAST_MATH = YES;
				ONLY_ACTIVE_ARCH = YES;
				SDKROOT = iphoneos;
				SWIFT_ACTIVE_COMPILATION_CONDITIONS = DEBUG;
				SWIFT_OPTIMIZATION_LEVEL = "-Onone";
			};
			name = Debug;
		};
		389FE84D28DCCDE900560E49 /* Release */ = {
			isa = XCBuildConfiguration;
			buildSettings = {
				ALWAYS_SEARCH_USER_PATHS = NO;
				CLANG_ANALYZER_NONNULL = YES;
				CLANG_ANALYZER_NUMBER_OBJECT_CONVERSION = YES_AGGRESSIVE;
				CLANG_CXX_LANGUAGE_STANDARD = "gnu++20";
				CLANG_ENABLE_MODULES = YES;
				CLANG_ENABLE_OBJC_ARC = YES;
				CLANG_ENABLE_OBJC_WEAK = YES;
				CLANG_WARN_BLOCK_CAPTURE_AUTORELEASING = YES;
				CLANG_WARN_BOOL_CONVERSION = YES;
				CLANG_WARN_COMMA = YES;
				CLANG_WARN_CONSTANT_CONVERSION = YES;
				CLANG_WARN_DEPRECATED_OBJC_IMPLEMENTATIONS = YES;
				CLANG_WARN_DIRECT_OBJC_ISA_USAGE = YES_ERROR;
				CLANG_WARN_DOCUMENTATION_COMMENTS = YES;
				CLANG_WARN_EMPTY_BODY = YES;
				CLANG_WARN_ENUM_CONVERSION = YES;
				CLANG_WARN_INFINITE_RECURSION = YES;
				CLANG_WARN_INT_CONVERSION = YES;
				CLANG_WARN_NON_LITERAL_NULL_CONVERSION = YES;
				CLANG_WARN_OBJC_IMPLICIT_RETAIN_SELF = YES;
				CLANG_WARN_OBJC_LITERAL_CONVERSION = YES;
				CLANG_WARN_OBJC_ROOT_CLASS = YES_ERROR;
				CLANG_WARN_QUOTED_INCLUDE_IN_FRAMEWORK_HEADER = YES;
				CLANG_WARN_RANGE_LOOP_ANALYSIS = YES;
				CLANG_WARN_STRICT_PROTOTYPES = YES;
				CLANG_WARN_SUSPICIOUS_MOVE = YES;
				CLANG_WARN_UNGUARDED_AVAILABILITY = YES_AGGRESSIVE;
				CLANG_WARN_UNREACHABLE_CODE = YES;
				CLANG_WARN__DUPLICATE_METHOD_MATCH = YES;
				COPY_PHASE_STRIP = NO;
				DEBUG_INFORMATION_FORMAT = "dwarf-with-dsym";
				ENABLE_NS_ASSERTIONS = NO;
				ENABLE_STRICT_OBJC_MSGSEND = YES;
				GCC_C_LANGUAGE_STANDARD = gnu11;
				GCC_NO_COMMON_BLOCKS = YES;
				GCC_WARN_64_TO_32_BIT_CONVERSION = YES;
				GCC_WARN_ABOUT_RETURN_TYPE = YES_ERROR;
				GCC_WARN_UNDECLARED_SELECTOR = YES;
				GCC_WARN_UNINITIALIZED_AUTOS = YES_AGGRESSIVE;
				GCC_WARN_UNUSED_FUNCTION = YES;
				GCC_WARN_UNUSED_VARIABLE = YES;
				IPHONEOS_DEPLOYMENT_TARGET = 13.0;
				MTL_ENABLE_DEBUG_INFO = NO;
				MTL_FAST_MATH = YES;
				SDKROOT = iphoneos;
				SWIFT_COMPILATION_MODE = wholemodule;
				SWIFT_OPTIMIZATION_LEVEL = "-O";
				VALIDATE_PRODUCT = YES;
			};
			name = Release;
		};
		389FE84F28DCCDE900560E49 /* Debug */ = {
			isa = XCBuildConfiguration;
			buildSettings = {
				ASSETCATALOG_COMPILER_APPICON_NAME = AppIcon;
				ASSETCATALOG_COMPILER_GLOBAL_ACCENT_COLOR_NAME = AccentColor;
				CODE_SIGN_STYLE = Automatic;
				CURRENT_PROJECT_VERSION = 1;
				DEVELOPMENT_TEAM = UM3QPHF8E3;
				GENERATE_INFOPLIST_FILE = YES;
				INFOPLIST_FILE = ImageFeed/Resources/Info.plist;
				INFOPLIST_KEY_UIApplicationSupportsIndirectInputEvents = YES;
				INFOPLIST_KEY_UILaunchStoryboardName = LaunchScreen;
				INFOPLIST_KEY_UIStatusBarStyle = UIStatusBarStyleLightContent;
				INFOPLIST_KEY_UISupportedInterfaceOrientations = UIInterfaceOrientationPortrait;
				INFOPLIST_KEY_UISupportedInterfaceOrientations_iPad = "UIInterfaceOrientationLandscapeLeft UIInterfaceOrientationLandscapeRight UIInterfaceOrientationPortrait UIInterfaceOrientationPortraitUpsideDown";
				IPHONEOS_DEPLOYMENT_TARGET = 13.0;
				LD_RUNPATH_SEARCH_PATHS = (
					"$(inherited)",
					"@executable_path/Frameworks",
				);
				MARKETING_VERSION = 1.0;
				PRODUCT_BUNDLE_IDENTIFIER = me.chenchik.ImageFeed;
				PRODUCT_NAME = "$(TARGET_NAME)";
				SUPPORTED_PLATFORMS = "iphoneos iphonesimulator";
				SUPPORTS_MACCATALYST = NO;
				SUPPORTS_MAC_DESIGNED_FOR_IPHONE_IPAD = NO;
				SWIFT_EMIT_LOC_STRINGS = YES;
				SWIFT_VERSION = 5.0;
				TARGETED_DEVICE_FAMILY = 1;
			};
			name = Debug;
		};
		389FE85028DCCDE900560E49 /* Release */ = {
			isa = XCBuildConfiguration;
			buildSettings = {
				ASSETCATALOG_COMPILER_APPICON_NAME = AppIcon;
				ASSETCATALOG_COMPILER_GLOBAL_ACCENT_COLOR_NAME = AccentColor;
				CODE_SIGN_STYLE = Automatic;
				CURRENT_PROJECT_VERSION = 1;
				DEVELOPMENT_TEAM = UM3QPHF8E3;
				GENERATE_INFOPLIST_FILE = YES;
				INFOPLIST_FILE = ImageFeed/Resources/Info.plist;
				INFOPLIST_KEY_UIApplicationSupportsIndirectInputEvents = YES;
				INFOPLIST_KEY_UILaunchStoryboardName = LaunchScreen;
				INFOPLIST_KEY_UIStatusBarStyle = UIStatusBarStyleLightContent;
				INFOPLIST_KEY_UISupportedInterfaceOrientations = UIInterfaceOrientationPortrait;
				INFOPLIST_KEY_UISupportedInterfaceOrientations_iPad = "UIInterfaceOrientationLandscapeLeft UIInterfaceOrientationLandscapeRight UIInterfaceOrientationPortrait UIInterfaceOrientationPortraitUpsideDown";
				IPHONEOS_DEPLOYMENT_TARGET = 13.0;
				LD_RUNPATH_SEARCH_PATHS = (
					"$(inherited)",
					"@executable_path/Frameworks",
				);
				MARKETING_VERSION = 1.0;
				PRODUCT_BUNDLE_IDENTIFIER = me.chenchik.ImageFeed;
				PRODUCT_NAME = "$(TARGET_NAME)";
				SUPPORTED_PLATFORMS = "iphoneos iphonesimulator";
				SUPPORTS_MACCATALYST = NO;
				SUPPORTS_MAC_DESIGNED_FOR_IPHONE_IPAD = NO;
				SWIFT_EMIT_LOC_STRINGS = YES;
				SWIFT_VERSION = 5.0;
				TARGETED_DEVICE_FAMILY = 1;
			};
			name = Release;
		};
/* End XCBuildConfiguration section */

/* Begin XCConfigurationList section */
		389FE83528DCCDE800560E49 /* Build configuration list for PBXProject "ImageFeed" */ = {
			isa = XCConfigurationList;
			buildConfigurations = (
				389FE84C28DCCDE900560E49 /* Debug */,
				389FE84D28DCCDE900560E49 /* Release */,
			);
			defaultConfigurationIsVisible = 0;
			defaultConfigurationName = Release;
		};
		389FE84E28DCCDE900560E49 /* Build configuration list for PBXNativeTarget "ImageFeed" */ = {
			isa = XCConfigurationList;
			buildConfigurations = (
				389FE84F28DCCDE900560E49 /* Debug */,
				389FE85028DCCDE900560E49 /* Release */,
			);
			defaultConfigurationIsVisible = 0;
			defaultConfigurationName = Release;
		};
/* End XCConfigurationList section */
	};
	rootObject = 389FE83228DCCDE800560E49 /* Project object */;
}
